// !$*UTF8*$!
{
	archiveVersion = 1;
	classes = {
	};
	objectVersion = 46;
	objects = {

/* Begin PBXBuildFile section */
		1D60589F0D05DD5A006BFB54 /* Foundation.framework in Frameworks */ = {isa = PBXBuildFile; fileRef = 1D30AB110D05D00D00671497 /* Foundation.framework */; };
		288765A50DF7441C002DB57D /* CoreGraphics.framework in Frameworks */ = {isa = PBXBuildFile; fileRef = 288765A40DF7441C002DB57D /* CoreGraphics.framework */; };
		29C549B9B3168A99EC697049 /* PluginAdMob.framework in Frameworks */ = {isa = PBXBuildFile; fileRef = 78A04D9480CD9C359A44EA6A /* PluginAdMob.framework */; };
		2A97CF8E1C6D6A4F00B4F65C /* libcocos2d iOS.a in Frameworks */ = {isa = PBXBuildFile; fileRef = 2A97CF8B1C6D660300B4F65C /* libcocos2d iOS.a */; };
		2A97CF901C6D724400B4F65C /* sdkbox_config.json in Resources */ = {isa = PBXBuildFile; fileRef = 2A97CF8F1C6D724400B4F65C /* sdkbox_config.json */; };
		46880B8819C43A87006E1F66 /* AppDelegate.cpp in Sources */ = {isa = PBXBuildFile; fileRef = 46880B8419C43A87006E1F66 /* AppDelegate.cpp */; };
		46880B8A19C43A87006E1F66 /* HelloWorldScene.cpp in Sources */ = {isa = PBXBuildFile; fileRef = 46880B8619C43A87006E1F66 /* HelloWorldScene.cpp */; };
		503AE10017EB989F00D1A890 /* AppController.mm in Sources */ = {isa = PBXBuildFile; fileRef = 503AE0FB17EB989F00D1A890 /* AppController.mm */; };
		503AE10117EB989F00D1A890 /* main.m in Sources */ = {isa = PBXBuildFile; fileRef = 503AE0FC17EB989F00D1A890 /* main.m */; };
		503AE10217EB989F00D1A890 /* RootViewController.mm in Sources */ = {isa = PBXBuildFile; fileRef = 503AE0FF17EB989F00D1A890 /* RootViewController.mm */; };
		5087E77D17EB970100C73F5D /* Default-568h@2x.png in Resources */ = {isa = PBXBuildFile; fileRef = 5087E77217EB970100C73F5D /* Default-568h@2x.png */; };
		5087E77E17EB970100C73F5D /* Default.png in Resources */ = {isa = PBXBuildFile; fileRef = 5087E77317EB970100C73F5D /* Default.png */; };
		5087E77F17EB970100C73F5D /* Default@2x.png in Resources */ = {isa = PBXBuildFile; fileRef = 5087E77417EB970100C73F5D /* Default@2x.png */; };
		5087E78017EB970100C73F5D /* Icon-114.png in Resources */ = {isa = PBXBuildFile; fileRef = 5087E77517EB970100C73F5D /* Icon-114.png */; };
		5087E78117EB970100C73F5D /* Icon-120.png in Resources */ = {isa = PBXBuildFile; fileRef = 5087E77617EB970100C73F5D /* Icon-120.png */; };
		5087E78217EB970100C73F5D /* Icon-144.png in Resources */ = {isa = PBXBuildFile; fileRef = 5087E77717EB970100C73F5D /* Icon-144.png */; };
		5087E78317EB970100C73F5D /* Icon-152.png in Resources */ = {isa = PBXBuildFile; fileRef = 5087E77817EB970100C73F5D /* Icon-152.png */; };
		5087E78417EB970100C73F5D /* Icon-57.png in Resources */ = {isa = PBXBuildFile; fileRef = 5087E77917EB970100C73F5D /* Icon-57.png */; };
		5087E78517EB970100C73F5D /* Icon-72.png in Resources */ = {isa = PBXBuildFile; fileRef = 5087E77A17EB970100C73F5D /* Icon-72.png */; };
		5087E78617EB970100C73F5D /* Icon-76.png in Resources */ = {isa = PBXBuildFile; fileRef = 5087E77B17EB970100C73F5D /* Icon-76.png */; };
		50EF629617ECD46A001EB2F8 /* Icon-40.png in Resources */ = {isa = PBXBuildFile; fileRef = 50EF629217ECD46A001EB2F8 /* Icon-40.png */; };
		50EF629717ECD46A001EB2F8 /* Icon-58.png in Resources */ = {isa = PBXBuildFile; fileRef = 50EF629317ECD46A001EB2F8 /* Icon-58.png */; };
		50EF629817ECD46A001EB2F8 /* Icon-80.png in Resources */ = {isa = PBXBuildFile; fileRef = 50EF629417ECD46A001EB2F8 /* Icon-80.png */; };
		50EF629917ECD46A001EB2F8 /* Icon-100.png in Resources */ = {isa = PBXBuildFile; fileRef = 50EF629517ECD46A001EB2F8 /* Icon-100.png */; };
		50EF62A217ECD613001EB2F8 /* Icon-29.png in Resources */ = {isa = PBXBuildFile; fileRef = 50EF62A017ECD613001EB2F8 /* Icon-29.png */; };
		50EF62A317ECD613001EB2F8 /* Icon-50.png in Resources */ = {isa = PBXBuildFile; fileRef = 50EF62A117ECD613001EB2F8 /* Icon-50.png */; };
		521A8E6419F0C34300D177D7 /* Default-667h@2x.png in Resources */ = {isa = PBXBuildFile; fileRef = 521A8E6219F0C34300D177D7 /* Default-667h@2x.png */; };
		521A8E6519F0C34300D177D7 /* Default-736h@3x.png in Resources */ = {isa = PBXBuildFile; fileRef = 521A8E6319F0C34300D177D7 /* Default-736h@3x.png */; };
		960B5D2E1C206D8D00203A65 /* Security.framework in Frameworks */ = {isa = PBXBuildFile; fileRef = 960B5D2D1C206D8D00203A65 /* Security.framework */; };
		960B5D301C206DB200203A65 /* CoreVideo.framework in Frameworks */ = {isa = PBXBuildFile; fileRef = 960B5D2F1C206DB200203A65 /* CoreVideo.framework */; };
		960B5D321C206E2900203A65 /* CoreLocation.framework in Frameworks */ = {isa = PBXBuildFile; fileRef = 960B5D311C206E2900203A65 /* CoreLocation.framework */; };
		962897001C491E8400D217AE /* PluginSdkboxAds.framework in Frameworks */ = {isa = PBXBuildFile; fileRef = 962896FF1C491E8400D217AE /* PluginSdkboxAds.framework */; };
		9638BA6F1C206F6D00A77546 /* AdSupport.framework in Frameworks */ = {isa = PBXBuildFile; fileRef = 9638BA6E1C206F6D00A77546 /* AdSupport.framework */; };
		9638BA711C206F7A00A77546 /* SystemConfiguration.framework in Frameworks */ = {isa = PBXBuildFile; fileRef = 9638BA701C206F7A00A77546 /* SystemConfiguration.framework */; };
		9638BA731C206F8500A77546 /* UIKit.framework in Frameworks */ = {isa = PBXBuildFile; fileRef = 9638BA721C206F8500A77546 /* UIKit.framework */; };
		9638BA751C206F9800A77546 /* CoreMotion.framework in Frameworks */ = {isa = PBXBuildFile; fileRef = 9638BA741C206F9800A77546 /* CoreMotion.framework */; };
		9638BA771C206FA400A77546 /* OpenGLES.framework in Frameworks */ = {isa = PBXBuildFile; fileRef = 9638BA761C206FA400A77546 /* OpenGLES.framework */; };
		9638BA791C206FC200A77546 /* WebKit.framework in Frameworks */ = {isa = PBXBuildFile; fileRef = 9638BA781C206FC200A77546 /* WebKit.framework */; };
		9638BA7B1C20704F00A77546 /* StoreKit.framework in Frameworks */ = {isa = PBXBuildFile; fileRef = 9638BA7A1C20704F00A77546 /* StoreKit.framework */; };
		9638BA7F1C20708400A77546 /* CoreMedia.framework in Frameworks */ = {isa = PBXBuildFile; fileRef = 9638BA7E1C20708400A77546 /* CoreMedia.framework */; };
		9638BA811C20709600A77546 /* CFNetwork.framework in Frameworks */ = {isa = PBXBuildFile; fileRef = 9638BA801C20709600A77546 /* CFNetwork.framework */; };
		9638BA8B1C2083F200A77546 /* libz.tbd in Frameworks */ = {isa = PBXBuildFile; fileRef = 9638BA8A1C2083F100A77546 /* libz.tbd */; };
		9638BA8D1C2083F700A77546 /* libiconv.tbd in Frameworks */ = {isa = PBXBuildFile; fileRef = 9638BA8C1C2083F700A77546 /* libiconv.tbd */; };
		9638BA8F1C20852300A77546 /* CoreTelephony.framework in Frameworks */ = {isa = PBXBuildFile; fileRef = 9638BA8E1C20852300A77546 /* CoreTelephony.framework */; };
		96A251BB1C56B78E00B07548 /* Chartboost.framework in Frameworks */ = {isa = PBXBuildFile; fileRef = 96A251B91C56B78E00B07548 /* Chartboost.framework */; };
		96A251BC1C56B78E00B07548 /* PluginChartboost.framework in Frameworks */ = {isa = PBXBuildFile; fileRef = 96A251BA1C56B78E00B07548 /* PluginChartboost.framework */; };
		96C9BD511C32A8920086EFBC /* GameController.framework in Frameworks */ = {isa = PBXBuildFile; fileRef = 96C9BD501C32A8920086EFBC /* GameController.framework */; };
		96C9BD531C32A9D40086EFBC /* AdColony.framework in Frameworks */ = {isa = PBXBuildFile; fileRef = 96C9BD521C32A9D40086EFBC /* AdColony.framework */; };
		96C9BD5F1C330A3E0086EFBC /* Social.framework in Frameworks */ = {isa = PBXBuildFile; fileRef = 96C9BD5E1C330A3E0086EFBC /* Social.framework */; };
		96C9BD611C330AAB0086EFBC /* EventKit.framework in Frameworks */ = {isa = PBXBuildFile; fileRef = 96C9BD601C330AAB0086EFBC /* EventKit.framework */; };
		96C9BD621C330ABE0086EFBC /* MediaPlayer.framework in Frameworks */ = {isa = PBXBuildFile; fileRef = 9638BA7C1C20706500A77546 /* MediaPlayer.framework */; };
		96C9BD641C330CBB0086EFBC /* MessageUI.framework in Frameworks */ = {isa = PBXBuildFile; fileRef = 96C9BD631C330CBB0086EFBC /* MessageUI.framework */; };
		96C9BD991C3336200086EFBC /* PluginAdColony.framework in Frameworks */ = {isa = PBXBuildFile; fileRef = 96C9BD951C3336200086EFBC /* PluginAdColony.framework */; };
		96C9BD9B1C3336200086EFBC /* PluginFyber.framework in Frameworks */ = {isa = PBXBuildFile; fileRef = 96C9BD971C3336200086EFBC /* PluginFyber.framework */; };
		96C9BD9C1C3336200086EFBC /* sdkbox.framework in Frameworks */ = {isa = PBXBuildFile; fileRef = 96C9BD981C3336200086EFBC /* sdkbox.framework */; };
		BF1C47F01293687400B63C5D /* QuartzCore.framework in Frameworks */ = {isa = PBXBuildFile; fileRef = BF1C47EA1293683800B63C5D /* QuartzCore.framework */; };
		C440441AA8FC8D1A4DEF8CD5 /* GoogleMobileAds.framework in Frameworks */ = {isa = PBXBuildFile; fileRef = 50924FC38EC8370AF59E05D8 /* GoogleMobileAds.framework */; };
		C93B4DCCBC71D999F526913A /* libsqlite3.dylib in Frameworks */ = {isa = PBXBuildFile; fileRef = 14184EC19DD35485CB708F5C /* libsqlite3.dylib */; };
		CB014F548C9CB5D03533D920 /* CoreText.framework in Frameworks */ = {isa = PBXBuildFile; fileRef = B90743DE8DD79DEEAB9100AE /* CoreText.framework */; };
		D1624B5AA08A6000B4187E5F /* Localizable.strings in Resources */ = {isa = PBXBuildFile; fileRef = F08947EB897D00C1BE3F5F2D /* Localizable.strings */; };
		D44C620C132DFF330009C878 /* OpenAL.framework in Frameworks */ = {isa = PBXBuildFile; fileRef = D44C620B132DFF330009C878 /* OpenAL.framework */; };
		D44C620E132DFF430009C878 /* AVFoundation.framework in Frameworks */ = {isa = PBXBuildFile; fileRef = D44C620D132DFF430009C878 /* AVFoundation.framework */; };
		D44C6210132DFF4E0009C878 /* AudioToolbox.framework in Frameworks */ = {isa = PBXBuildFile; fileRef = D44C620F132DFF4E0009C878 /* AudioToolbox.framework */; };
		DA6E46D09740EE09DA06021D /* PluginBee7.framework in Frameworks */ = {isa = PBXBuildFile; fileRef = 20C9409EA79E3444807BEACE /* PluginBee7.framework */; };
		ED544860AA6B689BBD4014D9 /* EventKitUI.framework in Frameworks */ = {isa = PBXBuildFile; fileRef = 3779490A8512F23BE1C40A22 /* EventKitUI.framework */; };
		F0EE48B6AD71A2750866EF8C /* Bee7GWResources.bundle/ in Resources */ = {isa = PBXBuildFile; fileRef = FA894C3994D1AB0CF3582F13 /* Bee7GWResources.bundle/ */; };
/* End PBXBuildFile section */

/* Begin PBXFileReference section */
		14184EC19DD35485CB708F5C /* libsqlite3.dylib */ = {isa = PBXFileReference; lastKnownFileType = "compiled.mach-o.dylib"; name = libsqlite3.dylib; path = Platforms/iPhoneOS.platform/Developer/SDKs/iPhoneOS.sdk/usr/lib/libsqlite3.dylib; sourceTree = DEVELOPER_DIR; };
		1D30AB110D05D00D00671497 /* Foundation.framework */ = {isa = PBXFileReference; lastKnownFileType = wrapper.framework; name = Foundation.framework; path = System/Library/Frameworks/Foundation.framework; sourceTree = SDKROOT; };
		1D6058910D05DD3D006BFB54 /* sdkboxads iOS.app */ = {isa = PBXFileReference; explicitFileType = wrapper.application; includeInIndex = 0; path = "sdkboxads iOS.app"; sourceTree = BUILT_PRODUCTS_DIR; };
		20C9409EA79E3444807BEACE /* PluginBee7.framework */ = {isa = PBXFileReference; lastKnownFileType = wrapper.framework; path = PluginBee7.framework; sourceTree = SOURCE_ROOT; };
		288765A40DF7441C002DB57D /* CoreGraphics.framework */ = {isa = PBXFileReference; lastKnownFileType = wrapper.framework; name = CoreGraphics.framework; path = System/Library/Frameworks/CoreGraphics.framework; sourceTree = SDKROOT; };
		2A97CF8B1C6D660300B4F65C /* libcocos2d iOS.a */ = {isa = PBXFileReference; lastKnownFileType = archive.ar; name = "libcocos2d iOS.a"; path = "../../cocos2d-x-3.6-lib/prebuilt/ios/libcocos2d iOS.a"; sourceTree = "<group>"; };
		2A97CF8F1C6D724400B4F65C /* sdkbox_config.json */ = {isa = PBXFileReference; fileEncoding = 4; lastKnownFileType = text.json; path = sdkbox_config.json; sourceTree = "<group>"; };
		3779490A8512F23BE1C40A22 /* EventKitUI.framework */ = {isa = PBXFileReference; lastKnownFileType = wrapper.framework; name = EventKitUI.framework; path = Platforms/iPhoneOS.platform/Developer/SDKs/iPhoneOS.sdk/System/Library/Frameworks/EventKitUI.framework; sourceTree = DEVELOPER_DIR; };
		46880B8419C43A87006E1F66 /* AppDelegate.cpp */ = {isa = PBXFileReference; fileEncoding = 4; lastKnownFileType = sourcecode.cpp.cpp; path = AppDelegate.cpp; sourceTree = "<group>"; };
		46880B8519C43A87006E1F66 /* AppDelegate.h */ = {isa = PBXFileReference; fileEncoding = 4; lastKnownFileType = sourcecode.c.h; path = AppDelegate.h; sourceTree = "<group>"; };
		46880B8619C43A87006E1F66 /* HelloWorldScene.cpp */ = {isa = PBXFileReference; fileEncoding = 4; lastKnownFileType = sourcecode.cpp.cpp; path = HelloWorldScene.cpp; sourceTree = "<group>"; };
		46880B8719C43A87006E1F66 /* HelloWorldScene.h */ = {isa = PBXFileReference; fileEncoding = 4; lastKnownFileType = sourcecode.c.h; path = HelloWorldScene.h; sourceTree = "<group>"; };
		503AE0FA17EB989F00D1A890 /* AppController.h */ = {isa = PBXFileReference; fileEncoding = 4; lastKnownFileType = sourcecode.c.h; name = AppController.h; path = ios/AppController.h; sourceTree = SOURCE_ROOT; };
		503AE0FB17EB989F00D1A890 /* AppController.mm */ = {isa = PBXFileReference; fileEncoding = 4; lastKnownFileType = sourcecode.cpp.objcpp; name = AppController.mm; path = ios/AppController.mm; sourceTree = SOURCE_ROOT; };
		503AE0FC17EB989F00D1A890 /* main.m */ = {isa = PBXFileReference; fileEncoding = 4; lastKnownFileType = sourcecode.c.objc; name = main.m; path = ios/main.m; sourceTree = SOURCE_ROOT; };
		503AE0FD17EB989F00D1A890 /* Prefix.pch */ = {isa = PBXFileReference; fileEncoding = 4; lastKnownFileType = sourcecode.c.h; name = Prefix.pch; path = ios/Prefix.pch; sourceTree = SOURCE_ROOT; };
		503AE0FE17EB989F00D1A890 /* RootViewController.h */ = {isa = PBXFileReference; fileEncoding = 4; lastKnownFileType = sourcecode.c.h; name = RootViewController.h; path = ios/RootViewController.h; sourceTree = SOURCE_ROOT; };
		503AE0FF17EB989F00D1A890 /* RootViewController.mm */ = {isa = PBXFileReference; fileEncoding = 4; lastKnownFileType = sourcecode.cpp.objcpp; name = RootViewController.mm; path = ios/RootViewController.mm; sourceTree = SOURCE_ROOT; };
		503AE11A17EB9C5A00D1A890 /* IOKit.framework */ = {isa = PBXFileReference; lastKnownFileType = wrapper.framework; name = IOKit.framework; path = System/Library/Frameworks/IOKit.framework; sourceTree = SDKROOT; };
		5087E77217EB970100C73F5D /* Default-568h@2x.png */ = {isa = PBXFileReference; lastKnownFileType = image.png; path = "Default-568h@2x.png"; sourceTree = "<group>"; };
		5087E77317EB970100C73F5D /* Default.png */ = {isa = PBXFileReference; lastKnownFileType = image.png; path = Default.png; sourceTree = "<group>"; };
		5087E77417EB970100C73F5D /* Default@2x.png */ = {isa = PBXFileReference; lastKnownFileType = image.png; path = "Default@2x.png"; sourceTree = "<group>"; };
		5087E77517EB970100C73F5D /* Icon-114.png */ = {isa = PBXFileReference; lastKnownFileType = image.png; path = "Icon-114.png"; sourceTree = "<group>"; };
		5087E77617EB970100C73F5D /* Icon-120.png */ = {isa = PBXFileReference; lastKnownFileType = image.png; path = "Icon-120.png"; sourceTree = "<group>"; };
		5087E77717EB970100C73F5D /* Icon-144.png */ = {isa = PBXFileReference; lastKnownFileType = image.png; path = "Icon-144.png"; sourceTree = "<group>"; };
		5087E77817EB970100C73F5D /* Icon-152.png */ = {isa = PBXFileReference; lastKnownFileType = image.png; path = "Icon-152.png"; sourceTree = "<group>"; };
		5087E77917EB970100C73F5D /* Icon-57.png */ = {isa = PBXFileReference; lastKnownFileType = image.png; path = "Icon-57.png"; sourceTree = "<group>"; };
		5087E77A17EB970100C73F5D /* Icon-72.png */ = {isa = PBXFileReference; lastKnownFileType = image.png; path = "Icon-72.png"; sourceTree = "<group>"; };
		5087E77B17EB970100C73F5D /* Icon-76.png */ = {isa = PBXFileReference; lastKnownFileType = image.png; path = "Icon-76.png"; sourceTree = "<group>"; };
		5087E77C17EB970100C73F5D /* Info.plist */ = {isa = PBXFileReference; fileEncoding = 4; lastKnownFileType = text.plist.xml; path = Info.plist; sourceTree = "<group>"; };
		5087E78817EB974C00C73F5D /* AppKit.framework */ = {isa = PBXFileReference; lastKnownFileType = wrapper.framework; name = AppKit.framework; path = System/Library/Frameworks/AppKit.framework; sourceTree = SDKROOT; };
		5087E78A17EB975400C73F5D /* OpenGL.framework */ = {isa = PBXFileReference; lastKnownFileType = wrapper.framework; name = OpenGL.framework; path = System/Library/Frameworks/OpenGL.framework; sourceTree = SDKROOT; };
		50924FC38EC8370AF59E05D8 /* GoogleMobileAds.framework */ = {isa = PBXFileReference; lastKnownFileType = wrapper.framework; path = GoogleMobileAds.framework; sourceTree = SOURCE_ROOT; };
		50EF629217ECD46A001EB2F8 /* Icon-40.png */ = {isa = PBXFileReference; lastKnownFileType = image.png; path = "Icon-40.png"; sourceTree = "<group>"; };
		50EF629317ECD46A001EB2F8 /* Icon-58.png */ = {isa = PBXFileReference; lastKnownFileType = image.png; path = "Icon-58.png"; sourceTree = "<group>"; };
		50EF629417ECD46A001EB2F8 /* Icon-80.png */ = {isa = PBXFileReference; lastKnownFileType = image.png; path = "Icon-80.png"; sourceTree = "<group>"; };
		50EF629517ECD46A001EB2F8 /* Icon-100.png */ = {isa = PBXFileReference; lastKnownFileType = image.png; path = "Icon-100.png"; sourceTree = "<group>"; };
		50EF62A017ECD613001EB2F8 /* Icon-29.png */ = {isa = PBXFileReference; lastKnownFileType = image.png; path = "Icon-29.png"; sourceTree = "<group>"; };
		50EF62A117ECD613001EB2F8 /* Icon-50.png */ = {isa = PBXFileReference; lastKnownFileType = image.png; path = "Icon-50.png"; sourceTree = "<group>"; };
		521A8E6219F0C34300D177D7 /* Default-667h@2x.png */ = {isa = PBXFileReference; lastKnownFileType = image.png; path = "Default-667h@2x.png"; sourceTree = "<group>"; };
		521A8E6319F0C34300D177D7 /* Default-736h@3x.png */ = {isa = PBXFileReference; lastKnownFileType = image.png; path = "Default-736h@3x.png"; sourceTree = "<group>"; };
		78A04D9480CD9C359A44EA6A /* PluginAdMob.framework */ = {isa = PBXFileReference; lastKnownFileType = wrapper.framework; path = PluginAdMob.framework; sourceTree = SOURCE_ROOT; };
		960B5D2D1C206D8D00203A65 /* Security.framework */ = {isa = PBXFileReference; lastKnownFileType = wrapper.framework; name = Security.framework; path = Platforms/iPhoneOS.platform/Developer/SDKs/iPhoneOS9.2.sdk/System/Library/Frameworks/Security.framework; sourceTree = DEVELOPER_DIR; };
		960B5D2F1C206DB200203A65 /* CoreVideo.framework */ = {isa = PBXFileReference; lastKnownFileType = wrapper.framework; name = CoreVideo.framework; path = Platforms/iPhoneOS.platform/Developer/SDKs/iPhoneOS9.2.sdk/System/Library/Frameworks/CoreVideo.framework; sourceTree = DEVELOPER_DIR; };
		960B5D311C206E2900203A65 /* CoreLocation.framework */ = {isa = PBXFileReference; lastKnownFileType = wrapper.framework; name = CoreLocation.framework; path = Platforms/iPhoneOS.platform/Developer/SDKs/iPhoneOS9.2.sdk/System/Library/Frameworks/CoreLocation.framework; sourceTree = DEVELOPER_DIR; };
		962896FF1C491E8400D217AE /* PluginSdkboxAds.framework */ = {isa = PBXFileReference; lastKnownFileType = wrapper.framework; path = PluginSdkboxAds.framework; sourceTree = "<group>"; };
		9638BA6E1C206F6D00A77546 /* AdSupport.framework */ = {isa = PBXFileReference; lastKnownFileType = wrapper.framework; name = AdSupport.framework; path = Platforms/iPhoneOS.platform/Developer/SDKs/iPhoneOS9.2.sdk/System/Library/Frameworks/AdSupport.framework; sourceTree = DEVELOPER_DIR; };
		9638BA701C206F7A00A77546 /* SystemConfiguration.framework */ = {isa = PBXFileReference; lastKnownFileType = wrapper.framework; name = SystemConfiguration.framework; path = Platforms/iPhoneOS.platform/Developer/SDKs/iPhoneOS9.2.sdk/System/Library/Frameworks/SystemConfiguration.framework; sourceTree = DEVELOPER_DIR; };
		9638BA721C206F8500A77546 /* UIKit.framework */ = {isa = PBXFileReference; lastKnownFileType = wrapper.framework; name = UIKit.framework; path = Platforms/iPhoneOS.platform/Developer/SDKs/iPhoneOS9.2.sdk/System/Library/Frameworks/UIKit.framework; sourceTree = DEVELOPER_DIR; };
		9638BA741C206F9800A77546 /* CoreMotion.framework */ = {isa = PBXFileReference; lastKnownFileType = wrapper.framework; name = CoreMotion.framework; path = Platforms/iPhoneOS.platform/Developer/SDKs/iPhoneOS9.2.sdk/System/Library/Frameworks/CoreMotion.framework; sourceTree = DEVELOPER_DIR; };
		9638BA761C206FA400A77546 /* OpenGLES.framework */ = {isa = PBXFileReference; lastKnownFileType = wrapper.framework; name = OpenGLES.framework; path = Platforms/iPhoneOS.platform/Developer/SDKs/iPhoneOS9.2.sdk/System/Library/Frameworks/OpenGLES.framework; sourceTree = DEVELOPER_DIR; };
		9638BA781C206FC200A77546 /* WebKit.framework */ = {isa = PBXFileReference; lastKnownFileType = wrapper.framework; name = WebKit.framework; path = Platforms/iPhoneOS.platform/Developer/SDKs/iPhoneOS9.2.sdk/System/Library/Frameworks/WebKit.framework; sourceTree = DEVELOPER_DIR; };
		9638BA7A1C20704F00A77546 /* StoreKit.framework */ = {isa = PBXFileReference; lastKnownFileType = wrapper.framework; name = StoreKit.framework; path = Platforms/iPhoneOS.platform/Developer/SDKs/iPhoneOS9.2.sdk/System/Library/Frameworks/StoreKit.framework; sourceTree = DEVELOPER_DIR; };
		9638BA7C1C20706500A77546 /* MediaPlayer.framework */ = {isa = PBXFileReference; lastKnownFileType = wrapper.framework; name = MediaPlayer.framework; path = Platforms/iPhoneOS.platform/Developer/SDKs/iPhoneOS9.2.sdk/System/Library/Frameworks/MediaPlayer.framework; sourceTree = DEVELOPER_DIR; };
		9638BA7E1C20708400A77546 /* CoreMedia.framework */ = {isa = PBXFileReference; lastKnownFileType = wrapper.framework; name = CoreMedia.framework; path = Platforms/iPhoneOS.platform/Developer/SDKs/iPhoneOS9.2.sdk/System/Library/Frameworks/CoreMedia.framework; sourceTree = DEVELOPER_DIR; };
		9638BA801C20709600A77546 /* CFNetwork.framework */ = {isa = PBXFileReference; lastKnownFileType = wrapper.framework; name = CFNetwork.framework; path = Platforms/iPhoneOS.platform/Developer/SDKs/iPhoneOS9.2.sdk/System/Library/Frameworks/CFNetwork.framework; sourceTree = DEVELOPER_DIR; };
		9638BA8A1C2083F100A77546 /* libz.tbd */ = {isa = PBXFileReference; lastKnownFileType = "sourcecode.text-based-dylib-definition"; name = libz.tbd; path = Platforms/iPhoneOS.platform/Developer/SDKs/iPhoneOS9.2.sdk/usr/lib/libz.tbd; sourceTree = DEVELOPER_DIR; };
		9638BA8C1C2083F700A77546 /* libiconv.tbd */ = {isa = PBXFileReference; lastKnownFileType = "sourcecode.text-based-dylib-definition"; name = libiconv.tbd; path = Platforms/iPhoneOS.platform/Developer/SDKs/iPhoneOS9.2.sdk/usr/lib/libiconv.tbd; sourceTree = DEVELOPER_DIR; };
		9638BA8E1C20852300A77546 /* CoreTelephony.framework */ = {isa = PBXFileReference; lastKnownFileType = wrapper.framework; name = CoreTelephony.framework; path = Platforms/iPhoneOS.platform/Developer/SDKs/iPhoneOS9.2.sdk/System/Library/Frameworks/CoreTelephony.framework; sourceTree = DEVELOPER_DIR; };
		96A251B91C56B78E00B07548 /* Chartboost.framework */ = {isa = PBXFileReference; lastKnownFileType = wrapper.framework; path = Chartboost.framework; sourceTree = "<group>"; };
		96A251BA1C56B78E00B07548 /* PluginChartboost.framework */ = {isa = PBXFileReference; lastKnownFileType = wrapper.framework; path = PluginChartboost.framework; sourceTree = "<group>"; };
		96C9BD501C32A8920086EFBC /* GameController.framework */ = {isa = PBXFileReference; lastKnownFileType = wrapper.framework; name = GameController.framework; path = Platforms/iPhoneOS.platform/Developer/SDKs/iPhoneOS9.2.sdk/System/Library/Frameworks/GameController.framework; sourceTree = DEVELOPER_DIR; };
		96C9BD521C32A9D40086EFBC /* AdColony.framework */ = {isa = PBXFileReference; lastKnownFileType = wrapper.framework; path = AdColony.framework; sourceTree = "<group>"; };
		96C9BD5E1C330A3E0086EFBC /* Social.framework */ = {isa = PBXFileReference; lastKnownFileType = wrapper.framework; name = Social.framework; path = Platforms/iPhoneOS.platform/Developer/SDKs/iPhoneOS9.2.sdk/System/Library/Frameworks/Social.framework; sourceTree = DEVELOPER_DIR; };
		96C9BD601C330AAB0086EFBC /* EventKit.framework */ = {isa = PBXFileReference; lastKnownFileType = wrapper.framework; name = EventKit.framework; path = Platforms/iPhoneOS.platform/Developer/SDKs/iPhoneOS9.2.sdk/System/Library/Frameworks/EventKit.framework; sourceTree = DEVELOPER_DIR; };
		96C9BD631C330CBB0086EFBC /* MessageUI.framework */ = {isa = PBXFileReference; lastKnownFileType = wrapper.framework; name = MessageUI.framework; path = Platforms/iPhoneOS.platform/Developer/SDKs/iPhoneOS9.2.sdk/System/Library/Frameworks/MessageUI.framework; sourceTree = DEVELOPER_DIR; };
		96C9BD951C3336200086EFBC /* PluginAdColony.framework */ = {isa = PBXFileReference; lastKnownFileType = wrapper.framework; path = PluginAdColony.framework; sourceTree = "<group>"; };
		96C9BD971C3336200086EFBC /* PluginFyber.framework */ = {isa = PBXFileReference; lastKnownFileType = wrapper.framework; path = PluginFyber.framework; sourceTree = "<group>"; };
		96C9BD981C3336200086EFBC /* sdkbox.framework */ = {isa = PBXFileReference; lastKnownFileType = wrapper.framework; path = sdkbox.framework; sourceTree = "<group>"; };
		B90743DE8DD79DEEAB9100AE /* CoreText.framework */ = {isa = PBXFileReference; lastKnownFileType = wrapper.framework; name = CoreText.framework; path = Platforms/iPhoneOS.platform/Developer/SDKs/iPhoneOS.sdk/System/Library/Frameworks/CoreText.framework; sourceTree = DEVELOPER_DIR; };
		BF1C47EA1293683800B63C5D /* QuartzCore.framework */ = {isa = PBXFileReference; lastKnownFileType = wrapper.framework; name = QuartzCore.framework; path = System/Library/Frameworks/QuartzCore.framework; sourceTree = SDKROOT; };
		D44C620B132DFF330009C878 /* OpenAL.framework */ = {isa = PBXFileReference; lastKnownFileType = wrapper.framework; name = OpenAL.framework; path = System/Library/Frameworks/OpenAL.framework; sourceTree = SDKROOT; };
		D44C620D132DFF430009C878 /* AVFoundation.framework */ = {isa = PBXFileReference; lastKnownFileType = wrapper.framework; name = AVFoundation.framework; path = System/Library/Frameworks/AVFoundation.framework; sourceTree = SDKROOT; };
		D44C620F132DFF4E0009C878 /* AudioToolbox.framework */ = {isa = PBXFileReference; lastKnownFileType = wrapper.framework; name = AudioToolbox.framework; path = System/Library/Frameworks/AudioToolbox.framework; sourceTree = SDKROOT; };
		D903454FA9C2714427882D95 /* ar */ = {isa = PBXFileReference; lastKnownFileType = "?"; name = ar; path = Bee7GWResources.bundle/Resources/ar.lproj/Localizable.strings; sourceTree = SOURCE_ROOT; };
		FA894C3994D1AB0CF3582F13 /* Bee7GWResources.bundle/ */ = {isa = PBXFileReference; lastKnownFileType = "?"; path = Bee7GWResources.bundle/; sourceTree = SOURCE_ROOT; };
/* End PBXFileReference section */

/* Begin PBXFrameworksBuildPhase section */
		1D60588F0D05DD3D006BFB54 /* Frameworks */ = {
			isa = PBXFrameworksBuildPhase;
			buildActionMask = 2147483647;
			files = (
				2A97CF8E1C6D6A4F00B4F65C /* libcocos2d iOS.a in Frameworks */,
				96A251BB1C56B78E00B07548 /* Chartboost.framework in Frameworks */,
				96C9BD641C330CBB0086EFBC /* MessageUI.framework in Frameworks */,
				96C9BD621C330ABE0086EFBC /* MediaPlayer.framework in Frameworks */,
				96C9BD611C330AAB0086EFBC /* EventKit.framework in Frameworks */,
				96C9BD5F1C330A3E0086EFBC /* Social.framework in Frameworks */,
				9638BA7B1C20704F00A77546 /* StoreKit.framework in Frameworks */,
				96A251BC1C56B78E00B07548 /* PluginChartboost.framework in Frameworks */,
				96C9BD511C32A8920086EFBC /* GameController.framework in Frameworks */,
				9638BA8F1C20852300A77546 /* CoreTelephony.framework in Frameworks */,
				9638BA8D1C2083F700A77546 /* libiconv.tbd in Frameworks */,
				9638BA8B1C2083F200A77546 /* libz.tbd in Frameworks */,
				9638BA6F1C206F6D00A77546 /* AdSupport.framework in Frameworks */,
				96C9BD9C1C3336200086EFBC /* sdkbox.framework in Frameworks */,
				D44C6210132DFF4E0009C878 /* AudioToolbox.framework in Frameworks */,
				D44C620E132DFF430009C878 /* AVFoundation.framework in Frameworks */,
				9638BA811C20709600A77546 /* CFNetwork.framework in Frameworks */,
				960B5D321C206E2900203A65 /* CoreLocation.framework in Frameworks */,
				288765A50DF7441C002DB57D /* CoreGraphics.framework in Frameworks */,
				9638BA7F1C20708400A77546 /* CoreMedia.framework in Frameworks */,
				96C9BD991C3336200086EFBC /* PluginAdColony.framework in Frameworks */,
				9638BA751C206F9800A77546 /* CoreMotion.framework in Frameworks */,
				960B5D301C206DB200203A65 /* CoreVideo.framework in Frameworks */,
				1D60589F0D05DD5A006BFB54 /* Foundation.framework in Frameworks */,
				96C9BD531C32A9D40086EFBC /* AdColony.framework in Frameworks */,
				D44C620C132DFF330009C878 /* OpenAL.framework in Frameworks */,
				9638BA771C206FA400A77546 /* OpenGLES.framework in Frameworks */,
				96C9BD9B1C3336200086EFBC /* PluginFyber.framework in Frameworks */,
				BF1C47F01293687400B63C5D /* QuartzCore.framework in Frameworks */,
				960B5D2E1C206D8D00203A65 /* Security.framework in Frameworks */,
				9638BA711C206F7A00A77546 /* SystemConfiguration.framework in Frameworks */,
				9638BA731C206F8500A77546 /* UIKit.framework in Frameworks */,
				9638BA791C206FC200A77546 /* WebKit.framework in Frameworks */,
				962897001C491E8400D217AE /* PluginSdkboxAds.framework in Frameworks */,
				29C549B9B3168A99EC697049 /* PluginAdMob.framework in Frameworks */,
				C440441AA8FC8D1A4DEF8CD5 /* GoogleMobileAds.framework in Frameworks */,
				ED544860AA6B689BBD4014D9 /* EventKitUI.framework in Frameworks */,
				DA6E46D09740EE09DA06021D /* PluginBee7.framework in Frameworks */,
				C93B4DCCBC71D999F526913A /* libsqlite3.dylib in Frameworks */,
				CB014F548C9CB5D03533D920 /* CoreText.framework in Frameworks */,
			);
			runOnlyForDeploymentPostprocessing = 0;
		};
/* End PBXFrameworksBuildPhase section */

/* Begin PBXGroup section */
		080E96DDFE201D6D7F000001 /* ios */ = {
			isa = PBXGroup;
			children = (
				5087E77117EB970100C73F5D /* Icons */,
				503AE0FA17EB989F00D1A890 /* AppController.h */,
				503AE0FB17EB989F00D1A890 /* AppController.mm */,
				503AE0FC17EB989F00D1A890 /* main.m */,
				503AE0FD17EB989F00D1A890 /* Prefix.pch */,
				503AE0FE17EB989F00D1A890 /* RootViewController.h */,
				503AE0FF17EB989F00D1A890 /* RootViewController.mm */,
			);
			name = ios;
			path = Classes;
			sourceTree = "<group>";
		};
		105E4ABAA45E806782AFDBF0 /* ios-libs */ = {
			isa = PBXGroup;
			children = (
				2A97CF8B1C6D660300B4F65C /* libcocos2d iOS.a */,
			);
			name = "ios-libs";
			sourceTree = "<group>";
		};
		19C28FACFE9D520D11CA2CBB /* Products */ = {
			isa = PBXGroup;
			children = (
				1D6058910D05DD3D006BFB54 /* sdkboxads iOS.app */,
			);
			name = Products;
			sourceTree = "<group>";
		};
		29B97314FDCFA39411CA2CEA /* CustomTemplate */ = {
			isa = PBXGroup;
			children = (
				46880B8319C43A87006E1F66 /* Classes */,
				46880B7519C43A67006E1F66 /* Resources */,
				29B97323FDCFA39411CA2CEA /* Frameworks */,
				080E96DDFE201D6D7F000001 /* ios */,
				19C28FACFE9D520D11CA2CBB /* Products */,
				105E4ABAA45E806782AFDBF0 /* ios-libs */,
				FA894C3994D1AB0CF3582F13 /* Bee7GWResources.bundle/ */,
				F08947EB897D00C1BE3F5F2D /* Localizable.strings */,
			);
			name = CustomTemplate;
			sourceTree = "<group>";
		};
		29B97323FDCFA39411CA2CEA /* Frameworks */ = {
			isa = PBXGroup;
			children = (
				96A251B91C56B78E00B07548 /* Chartboost.framework */,
				96A251BA1C56B78E00B07548 /* PluginChartboost.framework */,
				962896FF1C491E8400D217AE /* PluginSdkboxAds.framework */,
				96C9BD951C3336200086EFBC /* PluginAdColony.framework */,
				96C9BD971C3336200086EFBC /* PluginFyber.framework */,
				96C9BD981C3336200086EFBC /* sdkbox.framework */,
				96C9BD631C330CBB0086EFBC /* MessageUI.framework */,
				96C9BD601C330AAB0086EFBC /* EventKit.framework */,
				96C9BD5E1C330A3E0086EFBC /* Social.framework */,
				96C9BD521C32A9D40086EFBC /* AdColony.framework */,
				96C9BD501C32A8920086EFBC /* GameController.framework */,
				9638BA8E1C20852300A77546 /* CoreTelephony.framework */,
				9638BA8C1C2083F700A77546 /* libiconv.tbd */,
				9638BA8A1C2083F100A77546 /* libz.tbd */,
				9638BA801C20709600A77546 /* CFNetwork.framework */,
				9638BA7E1C20708400A77546 /* CoreMedia.framework */,
				9638BA7C1C20706500A77546 /* MediaPlayer.framework */,
				9638BA7A1C20704F00A77546 /* StoreKit.framework */,
				9638BA781C206FC200A77546 /* WebKit.framework */,
				9638BA761C206FA400A77546 /* OpenGLES.framework */,
				9638BA741C206F9800A77546 /* CoreMotion.framework */,
				9638BA721C206F8500A77546 /* UIKit.framework */,
				9638BA701C206F7A00A77546 /* SystemConfiguration.framework */,
				9638BA6E1C206F6D00A77546 /* AdSupport.framework */,
				960B5D311C206E2900203A65 /* CoreLocation.framework */,
				960B5D2F1C206DB200203A65 /* CoreVideo.framework */,
				960B5D2D1C206D8D00203A65 /* Security.framework */,
				503AE11A17EB9C5A00D1A890 /* IOKit.framework */,
				5087E78A17EB975400C73F5D /* OpenGL.framework */,
				5087E78817EB974C00C73F5D /* AppKit.framework */,
				D44C620F132DFF4E0009C878 /* AudioToolbox.framework */,
				D44C620D132DFF430009C878 /* AVFoundation.framework */,
				288765A40DF7441C002DB57D /* CoreGraphics.framework */,
				1D30AB110D05D00D00671497 /* Foundation.framework */,
				D44C620B132DFF330009C878 /* OpenAL.framework */,
				BF1C47EA1293683800B63C5D /* QuartzCore.framework */,
				78A04D9480CD9C359A44EA6A /* PluginAdMob.framework */,
				50924FC38EC8370AF59E05D8 /* GoogleMobileAds.framework */,
				3779490A8512F23BE1C40A22 /* EventKitUI.framework */,
				20C9409EA79E3444807BEACE /* PluginBee7.framework */,
				14184EC19DD35485CB708F5C /* libsqlite3.dylib */,
				B90743DE8DD79DEEAB9100AE /* CoreText.framework */,
			);
			name = Frameworks;
			sourceTree = "<group>";
		};
		46880B7519C43A67006E1F66 /* Resources */ = {
			isa = PBXGroup;
			children = (
				2A97CF8F1C6D724400B4F65C /* sdkbox_config.json */,
			);
			name = Resources;
			path = ../Resources;
			sourceTree = "<group>";
		};
		46880B8319C43A87006E1F66 /* Classes */ = {
			isa = PBXGroup;
			children = (
				46880B8419C43A87006E1F66 /* AppDelegate.cpp */,
				46880B8519C43A87006E1F66 /* AppDelegate.h */,
				46880B8619C43A87006E1F66 /* HelloWorldScene.cpp */,
				46880B8719C43A87006E1F66 /* HelloWorldScene.h */,
			);
			name = Classes;
			path = ../Classes;
			sourceTree = "<group>";
		};
		5087E77117EB970100C73F5D /* Icons */ = {
			isa = PBXGroup;
			children = (
				521A8E6219F0C34300D177D7 /* Default-667h@2x.png */,
				521A8E6319F0C34300D177D7 /* Default-736h@3x.png */,
				5087E77217EB970100C73F5D /* Default-568h@2x.png */,
				5087E77317EB970100C73F5D /* Default.png */,
				5087E77417EB970100C73F5D /* Default@2x.png */,
				50EF62A017ECD613001EB2F8 /* Icon-29.png */,
				50EF62A117ECD613001EB2F8 /* Icon-50.png */,
				50EF629217ECD46A001EB2F8 /* Icon-40.png */,
				50EF629317ECD46A001EB2F8 /* Icon-58.png */,
				50EF629417ECD46A001EB2F8 /* Icon-80.png */,
				50EF629517ECD46A001EB2F8 /* Icon-100.png */,
				5087E77517EB970100C73F5D /* Icon-114.png */,
				5087E77617EB970100C73F5D /* Icon-120.png */,
				5087E77717EB970100C73F5D /* Icon-144.png */,
				5087E77817EB970100C73F5D /* Icon-152.png */,
				5087E77917EB970100C73F5D /* Icon-57.png */,
				5087E77A17EB970100C73F5D /* Icon-72.png */,
				5087E77B17EB970100C73F5D /* Icon-76.png */,
				5087E77C17EB970100C73F5D /* Info.plist */,
			);
			name = Icons;
			path = ios;
			sourceTree = SOURCE_ROOT;
		};
/* End PBXGroup section */

/* Begin PBXNativeTarget section */
		1D6058900D05DD3D006BFB54 /* sdkboxads iOS */ = {
			isa = PBXNativeTarget;
			buildConfigurationList = 1D6058960D05DD3E006BFB54 /* Build configuration list for PBXNativeTarget "sdkboxads iOS" */;
			buildPhases = (
				1D60588D0D05DD3D006BFB54 /* Resources */,
				1D60588E0D05DD3D006BFB54 /* Sources */,
				1D60588F0D05DD3D006BFB54 /* Frameworks */,
			);
			buildRules = (
			);
			dependencies = (
			);
			name = "sdkboxads iOS";
			productName = iphone;
			productReference = 1D6058910D05DD3D006BFB54 /* sdkboxads iOS.app */;
			productType = "com.apple.product-type.application";
		};
/* End PBXNativeTarget section */

/* Begin PBXProject section */
		29B97313FDCFA39411CA2CEA /* Project object */ = {
			isa = PBXProject;
			attributes = {
				LastUpgradeCheck = 0720;
			};
			buildConfigurationList = C01FCF4E08A954540054247B /* Build configuration list for PBXProject "sdkboxads" */;
			compatibilityVersion = "Xcode 3.2";
			developmentRegion = English;
			hasScannedForEncodings = 1;
			knownRegions = (
				English,
				Japanese,
				French,
				German,
			);
			mainGroup = 29B97314FDCFA39411CA2CEA /* CustomTemplate */;
			projectDirPath = "";
			projectRoot = "";
			targets = (
				1D6058900D05DD3D006BFB54 /* sdkboxads iOS */,
			);
		};
/* End PBXProject section */

/* Begin PBXResourcesBuildPhase section */
		1D60588D0D05DD3D006BFB54 /* Resources */ = {
			isa = PBXResourcesBuildPhase;
			buildActionMask = 2147483647;
			files = (
				5087E78117EB970100C73F5D /* Icon-120.png in Resources */,
				5087E78617EB970100C73F5D /* Icon-76.png in Resources */,
				5087E77F17EB970100C73F5D /* Default@2x.png in Resources */,
				50EF629917ECD46A001EB2F8 /* Icon-100.png in Resources */,
				5087E78317EB970100C73F5D /* Icon-152.png in Resources */,
				5087E77D17EB970100C73F5D /* Default-568h@2x.png in Resources */,
				5087E78517EB970100C73F5D /* Icon-72.png in Resources */,
				521A8E6519F0C34300D177D7 /* Default-736h@3x.png in Resources */,
				50EF62A317ECD613001EB2F8 /* Icon-50.png in Resources */,
				5087E78017EB970100C73F5D /* Icon-114.png in Resources */,
				50EF62A217ECD613001EB2F8 /* Icon-29.png in Resources */,
				50EF629617ECD46A001EB2F8 /* Icon-40.png in Resources */,
				5087E78217EB970100C73F5D /* Icon-144.png in Resources */,
				50EF629817ECD46A001EB2F8 /* Icon-80.png in Resources */,
				2A97CF901C6D724400B4F65C /* sdkbox_config.json in Resources */,
				5087E78417EB970100C73F5D /* Icon-57.png in Resources */,
				5087E77E17EB970100C73F5D /* Default.png in Resources */,
				521A8E6419F0C34300D177D7 /* Default-667h@2x.png in Resources */,
				50EF629717ECD46A001EB2F8 /* Icon-58.png in Resources */,
				F0EE48B6AD71A2750866EF8C /* Bee7GWResources.bundle/ in Resources */,
				D1624B5AA08A6000B4187E5F /* Localizable.strings in Resources */,
			);
			runOnlyForDeploymentPostprocessing = 0;
		};
/* End PBXResourcesBuildPhase section */

/* Begin PBXSourcesBuildPhase section */
		1D60588E0D05DD3D006BFB54 /* Sources */ = {
			isa = PBXSourcesBuildPhase;
			buildActionMask = 2147483647;
			files = (
				46880B8819C43A87006E1F66 /* AppDelegate.cpp in Sources */,
				46880B8A19C43A87006E1F66 /* HelloWorldScene.cpp in Sources */,
				503AE10017EB989F00D1A890 /* AppController.mm in Sources */,
				503AE10217EB989F00D1A890 /* RootViewController.mm in Sources */,
				503AE10117EB989F00D1A890 /* main.m in Sources */,
			);
			runOnlyForDeploymentPostprocessing = 0;
		};
/* End PBXSourcesBuildPhase section */

/* Begin PBXVariantGroup section */
		F08947EB897D00C1BE3F5F2D /* Localizable.strings */ = {
			isa = PBXVariantGroup;
			children = (
				D903454FA9C2714427882D95 /* ar */,
			);
			name = Localizable.strings;
			sourceTree = "<group>";
		};
/* End PBXVariantGroup section */

/* Begin XCBuildConfiguration section */
		1D6058940D05DD3E006BFB54 /* Debug */ = {
			isa = XCBuildConfiguration;
			buildSettings = {
				ALWAYS_SEARCH_USER_PATHS = YES;
				CODE_SIGN_IDENTITY = "iPhone Developer";
				COMPRESS_PNG_FILES = NO;
				ENABLE_BITCODE = NO;
				FRAMEWORK_SEARCH_PATHS = (
					"$(inherited)",
					"$(PROJECT_DIR)",
					"\"$(SRCROOT)\"",
				);
				GCC_DYNAMIC_NO_PIC = NO;
				GCC_INLINES_ARE_PRIVATE_EXTERN = NO;
				GCC_PRECOMPILE_PREFIX_HEADER = YES;
				GCC_PREFIX_HEADER = ios/Prefix.pch;
				GCC_PREPROCESSOR_DEFINITIONS = (
					USE_FILE32API,
					CC_TARGET_OS_IPHONE,
					"COCOS2D_DEBUG=1",
					"CC_ENABLE_CHIPMUNK_INTEGRATION=1",
				);
				GCC_SYMBOLS_PRIVATE_EXTERN = NO;
				HEADER_SEARCH_PATHS = (
					"$(inherited)",
					"../../cocos2d-x-3.6-lib/cocos/platform/ios",
					"../../cocos2d-x-3.6-lib/cocos/platform/ios/Simulation",
					"$(PROJECT_DIR)/../../../csc/protocols/share",
				);
				INFOPLIST_FILE = ios/Info.plist;
				IPHONEOS_DEPLOYMENT_TARGET = 6.0;
				LIBRARY_SEARCH_PATHS = (
					"$(inherited)",
					"../../cocos2d-x-3.6-lib/prebuilt/ios",
					"$(PROJECT_DIR)",
					"\"PluginAdMob.framework\"",
					"\"GoogleMobileAds.framework\"",
					"\"PluginBee7.framework\"",
				);
				OTHER_CFLAGS = "-DSDKBOX_ENABLED";
				OTHER_LDFLAGS = (
					"$(_COCOS_LIB_IOS_BEGIN)",
					"$(_COCOS_LIB_IOS_END)",
					"-ObjC",
				);
				PRODUCT_BUNDLE_IDENTIFIER = org.cocos2dx.sdkboxads;
				SDKROOT = iphoneos;
				TARGETED_DEVICE_FAMILY = "1,2";
				USER_HEADER_SEARCH_PATHS = "$(_COCOS_HEADER_IOS_BEGIN) $(_COCOS_HEADER_IOS_END) ../../../csc/protocols/share";
				VALID_ARCHS = "arm64 armv7 armv7s";
			};
			name = Debug;
		};
		1D6058950D05DD3E006BFB54 /* Release */ = {
			isa = XCBuildConfiguration;
			buildSettings = {
				ALWAYS_SEARCH_USER_PATHS = YES;
				CODE_SIGN_IDENTITY = "iPhone Developer";
				COMPRESS_PNG_FILES = NO;
				ENABLE_BITCODE = NO;
				FRAMEWORK_SEARCH_PATHS = (
					"$(inherited)",
					"$(PROJECT_DIR)",
					"\"$(SRCROOT)\"",
				);
				GCC_INLINES_ARE_PRIVATE_EXTERN = NO;
				GCC_PRECOMPILE_PREFIX_HEADER = YES;
				GCC_PREFIX_HEADER = ios/Prefix.pch;
				GCC_PREPROCESSOR_DEFINITIONS = (
					USE_FILE32API,
					CC_TARGET_OS_IPHONE,
					"CC_ENABLE_CHIPMUNK_INTEGRATION=1",
				);
				GCC_SYMBOLS_PRIVATE_EXTERN = NO;
				HEADER_SEARCH_PATHS = (
					"$(inherited)",
					"../../cocos2d-x-3.6-lib/cocos/platform/ios",
					"../../cocos2d-x-3.6-lib/cocos/platform/ios/Simulation",
					"$(PROJECT_DIR)/../../../csc/protocols/share",
				);
				INFOPLIST_FILE = ios/Info.plist;
				IPHONEOS_DEPLOYMENT_TARGET = 6.0;
				LIBRARY_SEARCH_PATHS = (
					"$(inherited)",
					"../../cocos2d-x-3.6-lib/prebuilt/ios",
					"$(PROJECT_DIR)",
					"\"PluginAdMob.framework\"",
					"\"GoogleMobileAds.framework\"",
					"\"PluginBee7.framework\"",
				);
				OTHER_CFLAGS = "-DSDKBOX_ENABLED";
				OTHER_LDFLAGS = (
					"$(_COCOS_LIB_IOS_BEGIN)",
					"$(_COCOS_LIB_IOS_END)",
					"-ObjC",
				);
				PRODUCT_BUNDLE_IDENTIFIER = org.cocos2dx.sdkboxads;
				SDKROOT = iphoneos;
				TARGETED_DEVICE_FAMILY = "1,2";
				USER_HEADER_SEARCH_PATHS = "$(_COCOS_HEADER_IOS_BEGIN) $(_COCOS_HEADER_IOS_END) ../../../csc/protocols/share";
				VALID_ARCHS = "arm64 armv7 armv7s";
			};
			name = Release;
		};
		C01FCF4F08A954540054247B /* Debug */ = {
			isa = XCBuildConfiguration;
			buildSettings = {
				CLANG_CXX_LANGUAGE_STANDARD = "c++0x";
				CLANG_CXX_LIBRARY = "libc++";
				COPY_PHASE_STRIP = NO;
				ENABLE_TESTABILITY = YES;
				GCC_OPTIMIZATION_LEVEL = 0;
				GCC_WARN_ABOUT_RETURN_TYPE = YES;
				GCC_WARN_UNUSED_VARIABLE = YES;
				HEADER_SEARCH_PATHS = (
					"../../cocos2d-x-3.6-lib",
					"../../cocos2d-x-3.6-lib/cocos",
					"../../cocos2d-x-3.6-lib/cocos/base",
					"../../cocos2d-x-3.6-lib/cocos/physics",
					"../../cocos2d-x-3.6-lib/cocos/math",
					"../../cocos2d-x-3.6-lib/cocos/2d",
					"../../cocos2d-x-3.6-lib/cocos/ui",
					"../../cocos2d-x-3.6-lib/cocos/network",
					"../../cocos2d-x-3.6-lib/cocos/audio/include",
					"../../cocos2d-x-3.6-lib/cocos/editor-support",
					"../../cocos2d-x-3.6-lib/extensions",
					"../../cocos2d-x-3.6-lib/external",
					"../../cocos2d-x-3.6-lib/external/chipmunk/include/chipmunk",
				);
				MACOSX_DEPLOYMENT_TARGET = 10.7;
				ONLY_ACTIVE_ARCH = YES;
				PRODUCT_NAME = "$(TARGET_NAME)";
				SDKROOT = macosx;
				VALID_ARCHS = "i386 x86_64";
			};
			name = Debug;
		};
		C01FCF5008A954540054247B /* Release */ = {
			isa = XCBuildConfiguration;
			buildSettings = {
				CLANG_CXX_LANGUAGE_STANDARD = "c++0x";
				CLANG_CXX_LIBRARY = "libc++";
				GCC_WARN_ABOUT_RETURN_TYPE = YES;
				GCC_WARN_UNUSED_VARIABLE = YES;
				HEADER_SEARCH_PATHS = (
					"../../cocos2d-x-3.6-lib",
					"../../cocos2d-x-3.6-lib/cocos",
					"../../cocos2d-x-3.6-lib/cocos/base",
					"../../cocos2d-x-3.6-lib/cocos/physics",
					"../../cocos2d-x-3.6-lib/cocos/math",
					"../../cocos2d-x-3.6-lib/cocos/2d",
					"../../cocos2d-x-3.6-lib/cocos/ui",
					"../../cocos2d-x-3.6-lib/cocos/network",
					"../../cocos2d-x-3.6-lib/cocos/audio/include",
					"../../cocos2d-x-3.6-lib/cocos/editor-support",
					"../../cocos2d-x-3.6-lib/extensions",
					"../../cocos2d-x-3.6-lib/external",
					"../../cocos2d-x-3.6-lib/external/chipmunk/include/chipmunk",
				);
				MACOSX_DEPLOYMENT_TARGET = 10.7;
				OTHER_CFLAGS = "-DNS_BLOCK_ASSERTIONS=1";
				PRODUCT_NAME = "$(TARGET_NAME)";
				SDKROOT = macosx;
				VALIDATE_PRODUCT = YES;
				VALID_ARCHS = "i386 x86_64";
			};
			name = Release;
		};
/* End XCBuildConfiguration section */

/* Begin XCConfigurationList section */
		1D6058960D05DD3E006BFB54 /* Build configuration list for PBXNativeTarget "sdkboxads iOS" */ = {
			isa = XCConfigurationList;
			buildConfigurations = (
				1D6058940D05DD3E006BFB54 /* Debug */,
				1D6058950D05DD3E006BFB54 /* Release */,
			);
			defaultConfigurationIsVisible = 0;
			defaultConfigurationName = Debug;
		};
		C01FCF4E08A954540054247B /* Build configuration list for PBXProject "sdkboxads" */ = {
			isa = XCConfigurationList;
			buildConfigurations = (
				C01FCF4F08A954540054247B /* Debug */,
				C01FCF5008A954540054247B /* Release */,
			);
			defaultConfigurationIsVisible = 0;
			defaultConfigurationName = Debug;
		};
/* End XCConfigurationList section */
	};
	rootObject = 29B97313FDCFA39411CA2CEA /* Project object */;
}
